
Microsoft Visual Studio Solution File, Format Version 12.00
# Visual Studio 15
VisualStudioVersion = 15.0.28307.271
MinimumVisualStudioVersion = 10.0.40219.1
Project("{FAE04EC0-301F-11D3-BF4B-00C04F79EFBC}") = "GameLeaderboard", "GameLeaderboard\GameLeaderboard.csproj", "{52317E4F-5B9B-4152-BD73-41EE4D1DE63C}"
EndProject
Project("{FAE04EC0-301F-11D3-BF4B-00C04F79EFBC}") = "GameLeaderboard.DAL", "GameLeaderboard.DAL\GameLeaderboard.DAL.csproj", "{A9054429-71EE-4B36-AEE2-376EDFF9D6F2}"
EndProject
Global
	GlobalSection(SolutionConfigurationPlatforms) = preSolution
		Debug|Any CPU = Debug|Any CPU
		Release|Any CPU = Release|Any CPU
	EndGlobalSection
	GlobalSection(ProjectConfigurationPlatforms) = postSolution
		{52317E4F-5B9B-4152-BD73-41EE4D1DE63C}.Debug|Any CPU.ActiveCfg = Debug|Any CPU
		{52317E4F-5B9B-4152-BD73-41EE4D1DE63C}.Debug|Any CPU.Build.0 = Debug|Any CPU
		{52317E4F-5B9B-4152-BD73-41EE4D1DE63C}.Release|Any CPU.ActiveCfg = Release|Any CPU
		{52317E4F-5B9B-4152-BD73-41EE4D1DE63C}.Release|Any CPU.Build.0 = Release|Any CPU
		{A9054429-71EE-4B36-AEE2-376EDFF9D6F2}.Debug|Any CPU.ActiveCfg = Debug|Any CPU
		{A9054429-71EE-4B36-AEE2-376EDFF9D6F2}.Debug|Any CPU.Build.0 = Debug|Any CPU
		{A9054429-71EE-4B36-AEE2-376EDFF9D6F2}.Release|Any CPU.ActiveCfg = Release|Any CPU
		{A9054429-71EE-4B36-AEE2-376EDFF9D6F2}.Release|Any CPU.Build.0 = Release|Any CPU
	EndGlobalSection
	GlobalSection(SolutionProperties) = preSolution
		HideSolutionNode = FALSE
	EndGlobalSection
	GlobalSection(ExtensibilityGlobals) = postSolution
		SolutionGuid = {0EF9683A-EC9C-4474-A5EA-42F4D30063F3}
	EndGlobalSection
EndGlobal
